
Microsoft Visual Studio Solution File, Format Version 12.00
# Visual Studio 2012
Project("{8BC9CEB8-8B4A-11D0-8D11-00A0C91BC942}") = "scower.cpp", "scower.cpp\scower.cpp.vcxproj", "{AE1CA0B9-4D03-4D5B-8914-ED28ED9A50C9}"
EndProject
Global
	GlobalSection(SolutionConfigurationPlatforms) = preSolution
		Debug|Win32 = Debug|Win32
		Release|Win32 = Release|Win32
	EndGlobalSection
	GlobalSection(ProjectConfigurationPlatforms) = postSolution
		{AE1CA0B9-4D03-4D5B-8914-ED28ED9A50C9}.Debug|Win32.ActiveCfg = Debug|Win32
		{AE1CA0B9-4D03-4D5B-8914-ED28ED9A50C9}.Debug|Win32.Build.0 = Debug|Win32
		{AE1CA0B9-4D03-4D5B-8914-ED28ED9A50C9}.Release|Win32.ActiveCfg = Release|Win32
		{AE1CA0B9-4D03-4D5B-8914-ED28ED9A50C9}.Release|Win32.Build.0 = Release|Win32
	EndGlobalSection
	GlobalSection(SolutionProperties) = preSolution
		HideSolutionNode = FALSE
	EndGlobalSection
EndGlobal
